{
  "originHash" : "1ec72fd66809ebaf70199eddb42ce601f4cad27dc79080c7deea568a30ffec84",
  "pins" : [
    {
      "identity" : "designkit",
      "kind" : "remoteSourceControl",
      "location" : "https://github.com/ZKMax01/DesignKit",
      "state" : {
        "branch" : "prod",
        "revision" : "c6422b18760ddc9f5f6e3c54458309be787bb17f"
      }
    }
  ],
  "version" : 3
}
